// !$*UTF8*$!
{
	archiveVersion = 1;
	classes = {
	};
	objectVersion = 50;
	objects = {

/* Begin PBXBuildFile section */
		0B02E7231F01A690EA81F0B7 /* Pods_MD2.framework in Frameworks */ = {isa = PBXBuildFile; fileRef = 9DE863DABEA1E006D2FEC43E /* Pods_MD2.framework */; };
		FD0C754B2231660A00B22C5B /* LoginViewController.swift in Sources */ = {isa = PBXBuildFile; fileRef = FD0C754A2231660A00B22C5B /* LoginViewController.swift */; };
		FD279E8622089D7E00AFC8B8 /* ItemCollectionViewCell.swift in Sources */ = {isa = PBXBuildFile; fileRef = FD279E8422089D7E00AFC8B8 /* ItemCollectionViewCell.swift */; };
		FD33A26F2216D78300C5F4B0 /* PreviousOrdersViewController.swift in Sources */ = {isa = PBXBuildFile; fileRef = FD33A26E2216D78300C5F4B0 /* PreviousOrdersViewController.swift */; };
		FD36D1C52207A3D200848B2B /* ItemPageCollectionViewDataSource.swift in Sources */ = {isa = PBXBuildFile; fileRef = FD36D1C42207A3D200848B2B /* ItemPageCollectionViewDataSource.swift */; };
		FD370D3E220B155A00780DDC /* CheckoutViewController.swift in Sources */ = {isa = PBXBuildFile; fileRef = FD370D3D220B155A00780DDC /* CheckoutViewController.swift */; };
		FD41094D2205945400262738 /* NewOrderViewController.swift in Sources */ = {isa = PBXBuildFile; fileRef = FD41094C2205945400262738 /* NewOrderViewController.swift */; };
		FD65E0952204B92A00004B05 /* AppDelegate.swift in Sources */ = {isa = PBXBuildFile; fileRef = FD65E0942204B92A00004B05 /* AppDelegate.swift */; };
		FD65E09A2204B92A00004B05 /* Main.storyboard in Resources */ = {isa = PBXBuildFile; fileRef = FD65E0982204B92A00004B05 /* Main.storyboard */; };
		FD65E09C2204B92B00004B05 /* Assets.xcassets in Resources */ = {isa = PBXBuildFile; fileRef = FD65E09B2204B92B00004B05 /* Assets.xcassets */; };
		FD65E09F2204B92B00004B05 /* LaunchScreen.storyboard in Resources */ = {isa = PBXBuildFile; fileRef = FD65E09D2204B92B00004B05 /* LaunchScreen.storyboard */; };
		FD65E0A82204BCD500004B05 /* RoundedButton.swift in Sources */ = {isa = PBXBuildFile; fileRef = FD65E0A72204BCD500004B05 /* RoundedButton.swift */; };
		FD65E0AB2204C64C00004B05 /* OrderManager.swift in Sources */ = {isa = PBXBuildFile; fileRef = FD65E0AA2204C64C00004B05 /* OrderManager.swift */; };
		FD65E0AD2204C65900004B05 /* Order.swift in Sources */ = {isa = PBXBuildFile; fileRef = FD65E0AC2204C65900004B05 /* Order.swift */; };
		FD65E0AF2204C77000004B05 /* FoodItem.swift in Sources */ = {isa = PBXBuildFile; fileRef = FD65E0AE2204C77000004B05 /* FoodItem.swift */; };
		FD65E0B12204C92300004B05 /* User.swift in Sources */ = {isa = PBXBuildFile; fileRef = FD65E0B02204C92300004B05 /* User.swift */; };
		FD65E0B32204D3C300004B05 /* UserManager.swift in Sources */ = {isa = PBXBuildFile; fileRef = FD65E0B22204D3C300004B05 /* UserManager.swift */; };
		FD65E0B62204D76D00004B05 /* HomeViewController.swift in Sources */ = {isa = PBXBuildFile; fileRef = FD65E0B52204D76D00004B05 /* HomeViewController.swift */; };
		FD68C2A522255D70009BBB73 /* GoogleService-Info.plist in Resources */ = {isa = PBXBuildFile; fileRef = FD68C2A422255D6F009BBB73 /* GoogleService-Info.plist */; };
		FD6E3F5E221AFE9E003C1A60 /* Orders.json in Resources */ = {isa = PBXBuildFile; fileRef = FD6E3F5C221AFE9E003C1A60 /* Orders.json */; };
		FDBC22182211D07100733A5F /* Coordinator.swift in Sources */ = {isa = PBXBuildFile; fileRef = FDBC22172211D07100733A5F /* Coordinator.swift */; };
		FDBC221A2211D0AC00733A5F /* Storyboarded.swift in Sources */ = {isa = PBXBuildFile; fileRef = FDBC22192211D0AC00733A5F /* Storyboarded.swift */; };
		FDBC221C2211D19E00733A5F /* MainCoordinator.swift in Sources */ = {isa = PBXBuildFile; fileRef = FDBC221B2211D19E00733A5F /* MainCoordinator.swift */; };
		FDBC221E2211D4BF00733A5F /* CollectOrderViewController.swift in Sources */ = {isa = PBXBuildFile; fileRef = FDBC221D2211D4BF00733A5F /* CollectOrderViewController.swift */; };
		FDC4699E221BE59400847D3A /* QRCode.swift in Sources */ = {isa = PBXBuildFile; fileRef = FDC4699D221BE59400847D3A /* QRCode.swift */; };
		FDCE0B57220B889500FA30E7 /* OutlineView.swift in Sources */ = {isa = PBXBuildFile; fileRef = FDCE0B56220B889500FA30E7 /* OutlineView.swift */; };
		FDCE0B59220B8AD100FA30E7 /* VCExtension.swift in Sources */ = {isa = PBXBuildFile; fileRef = FDCE0B58220B8AD100FA30E7 /* VCExtension.swift */; };
		FDDDCAFA2218746B0008BAFE /* PreviousOrderTableViewCell.swift in Sources */ = {isa = PBXBuildFile; fileRef = FDDDCAF92218746B0008BAFE /* PreviousOrderTableViewCell.swift */; };
		FDF9A02522082E7500BF933F /* ItemSelectionCollectionViewDataSource.swift in Sources */ = {isa = PBXBuildFile; fileRef = FDF9A02422082E7500BF933F /* ItemSelectionCollectionViewDataSource.swift */; };
		FDF9A027220834C900BF933F /* FoodCatagories.swift in Sources */ = {isa = PBXBuildFile; fileRef = FDF9A026220834C900BF933F /* FoodCatagories.swift */; };
		FDF9A02D2208355200BF933F /* Items.json in Resources */ = {isa = PBXBuildFile; fileRef = FDF9A02C2208355200BF933F /* Items.json */; };
		FDF9A02F2208356000BF933F /* DataStore.swift in Sources */ = {isa = PBXBuildFile; fileRef = FDF9A02E2208356000BF933F /* DataStore.swift */; };
		FDF9A0312208357600BF933F /* DataManager.swift in Sources */ = {isa = PBXBuildFile; fileRef = FDF9A0302208357600BF933F /* DataManager.swift */; };
/* End PBXBuildFile section */

/* Begin PBXFileReference section */
		874572959F6EE2B1AD63552C /* Pods-MD2.debug.xcconfig */ = {isa = PBXFileReference; includeInIndex = 1; lastKnownFileType = text.xcconfig; name = "Pods-MD2.debug.xcconfig"; path = "Pods/Target Support Files/Pods-MD2/Pods-MD2.debug.xcconfig"; sourceTree = "<group>"; };
		9DE863DABEA1E006D2FEC43E /* Pods_MD2.framework */ = {isa = PBXFileReference; explicitFileType = wrapper.framework; includeInIndex = 0; path = Pods_MD2.framework; sourceTree = BUILT_PRODUCTS_DIR; };
		D21D7F7FADD8A444668B2DCE /* Pods-MD2.release.xcconfig */ = {isa = PBXFileReference; includeInIndex = 1; lastKnownFileType = text.xcconfig; name = "Pods-MD2.release.xcconfig"; path = "Pods/Target Support Files/Pods-MD2/Pods-MD2.release.xcconfig"; sourceTree = "<group>"; };
		FD0C754A2231660A00B22C5B /* LoginViewController.swift */ = {isa = PBXFileReference; lastKnownFileType = sourcecode.swift; path = LoginViewController.swift; sourceTree = "<group>"; };
		FD279E8422089D7E00AFC8B8 /* ItemCollectionViewCell.swift */ = {isa = PBXFileReference; lastKnownFileType = sourcecode.swift; path = ItemCollectionViewCell.swift; sourceTree = "<group>"; };
		FD33A26E2216D78300C5F4B0 /* PreviousOrdersViewController.swift */ = {isa = PBXFileReference; lastKnownFileType = sourcecode.swift; path = PreviousOrdersViewController.swift; sourceTree = "<group>"; };
		FD36D1C42207A3D200848B2B /* ItemPageCollectionViewDataSource.swift */ = {isa = PBXFileReference; lastKnownFileType = sourcecode.swift; path = ItemPageCollectionViewDataSource.swift; sourceTree = "<group>"; };
		FD370D3D220B155A00780DDC /* CheckoutViewController.swift */ = {isa = PBXFileReference; lastKnownFileType = sourcecode.swift; path = CheckoutViewController.swift; sourceTree = "<group>"; };
		FD41094C2205945400262738 /* NewOrderViewController.swift */ = {isa = PBXFileReference; lastKnownFileType = sourcecode.swift; path = NewOrderViewController.swift; sourceTree = "<group>"; };
		FD65E0912204B92A00004B05 /* MD2.app */ = {isa = PBXFileReference; explicitFileType = wrapper.application; includeInIndex = 0; path = MD2.app; sourceTree = BUILT_PRODUCTS_DIR; };
		FD65E0942204B92A00004B05 /* AppDelegate.swift */ = {isa = PBXFileReference; lastKnownFileType = sourcecode.swift; path = AppDelegate.swift; sourceTree = "<group>"; };
		FD65E0992204B92A00004B05 /* Base */ = {isa = PBXFileReference; lastKnownFileType = file.storyboard; name = Base; path = Base.lproj/Main.storyboard; sourceTree = "<group>"; };
		FD65E09B2204B92B00004B05 /* Assets.xcassets */ = {isa = PBXFileReference; lastKnownFileType = folder.assetcatalog; path = Assets.xcassets; sourceTree = "<group>"; };
		FD65E09E2204B92B00004B05 /* Base */ = {isa = PBXFileReference; lastKnownFileType = file.storyboard; name = Base; path = Base.lproj/LaunchScreen.storyboard; sourceTree = "<group>"; };
		FD65E0A02204B92B00004B05 /* Info.plist */ = {isa = PBXFileReference; lastKnownFileType = text.plist.xml; path = Info.plist; sourceTree = "<group>"; };
		FD65E0A72204BCD500004B05 /* RoundedButton.swift */ = {isa = PBXFileReference; lastKnownFileType = sourcecode.swift; path = RoundedButton.swift; sourceTree = "<group>"; };
		FD65E0AA2204C64C00004B05 /* OrderManager.swift */ = {isa = PBXFileReference; lastKnownFileType = sourcecode.swift; path = OrderManager.swift; sourceTree = "<group>"; };
		FD65E0AC2204C65900004B05 /* Order.swift */ = {isa = PBXFileReference; lastKnownFileType = sourcecode.swift; path = Order.swift; sourceTree = "<group>"; };
		FD65E0AE2204C77000004B05 /* FoodItem.swift */ = {isa = PBXFileReference; lastKnownFileType = sourcecode.swift; path = FoodItem.swift; sourceTree = "<group>"; };
		FD65E0B02204C92300004B05 /* User.swift */ = {isa = PBXFileReference; lastKnownFileType = sourcecode.swift; path = User.swift; sourceTree = "<group>"; };
		FD65E0B22204D3C300004B05 /* UserManager.swift */ = {isa = PBXFileReference; lastKnownFileType = sourcecode.swift; path = UserManager.swift; sourceTree = "<group>"; };
		FD65E0B52204D76D00004B05 /* HomeViewController.swift */ = {isa = PBXFileReference; lastKnownFileType = sourcecode.swift; path = HomeViewController.swift; sourceTree = "<group>"; };
		FD68C2A422255D6F009BBB73 /* GoogleService-Info.plist */ = {isa = PBXFileReference; fileEncoding = 4; lastKnownFileType = text.plist.xml; path = "GoogleService-Info.plist"; sourceTree = "<group>"; };
		FD6E3F5C221AFE9E003C1A60 /* Orders.json */ = {isa = PBXFileReference; fileEncoding = 4; lastKnownFileType = text.json; path = Orders.json; sourceTree = "<group>"; };
		FDBC22172211D07100733A5F /* Coordinator.swift */ = {isa = PBXFileReference; lastKnownFileType = sourcecode.swift; path = Coordinator.swift; sourceTree = "<group>"; };
		FDBC22192211D0AC00733A5F /* Storyboarded.swift */ = {isa = PBXFileReference; lastKnownFileType = sourcecode.swift; path = Storyboarded.swift; sourceTree = "<group>"; };
		FDBC221B2211D19E00733A5F /* MainCoordinator.swift */ = {isa = PBXFileReference; lastKnownFileType = sourcecode.swift; path = MainCoordinator.swift; sourceTree = "<group>"; };
		FDBC221D2211D4BF00733A5F /* CollectOrderViewController.swift */ = {isa = PBXFileReference; lastKnownFileType = sourcecode.swift; path = CollectOrderViewController.swift; sourceTree = "<group>"; };
		FDC4699D221BE59400847D3A /* QRCode.swift */ = {isa = PBXFileReference; lastKnownFileType = sourcecode.swift; path = QRCode.swift; sourceTree = "<group>"; };
		FDCE0B56220B889500FA30E7 /* OutlineView.swift */ = {isa = PBXFileReference; lastKnownFileType = sourcecode.swift; path = OutlineView.swift; sourceTree = "<group>"; };
		FDCE0B58220B8AD100FA30E7 /* VCExtension.swift */ = {isa = PBXFileReference; lastKnownFileType = sourcecode.swift; path = VCExtension.swift; sourceTree = "<group>"; };
		FDDDCAF92218746B0008BAFE /* PreviousOrderTableViewCell.swift */ = {isa = PBXFileReference; lastKnownFileType = sourcecode.swift; path = PreviousOrderTableViewCell.swift; sourceTree = "<group>"; };
		FDF9A02422082E7500BF933F /* ItemSelectionCollectionViewDataSource.swift */ = {isa = PBXFileReference; lastKnownFileType = sourcecode.swift; path = ItemSelectionCollectionViewDataSource.swift; sourceTree = "<group>"; };
		FDF9A026220834C900BF933F /* FoodCatagories.swift */ = {isa = PBXFileReference; lastKnownFileType = sourcecode.swift; path = FoodCatagories.swift; sourceTree = "<group>"; };
		FDF9A02C2208355200BF933F /* Items.json */ = {isa = PBXFileReference; fileEncoding = 4; lastKnownFileType = text.json; path = Items.json; sourceTree = "<group>"; };
		FDF9A02E2208356000BF933F /* DataStore.swift */ = {isa = PBXFileReference; fileEncoding = 4; lastKnownFileType = sourcecode.swift; path = DataStore.swift; sourceTree = "<group>"; };
		FDF9A0302208357600BF933F /* DataManager.swift */ = {isa = PBXFileReference; fileEncoding = 4; lastKnownFileType = sourcecode.swift; path = DataManager.swift; sourceTree = "<group>"; };
/* End PBXFileReference section */

/* Begin PBXFrameworksBuildPhase section */
		FD65E08E2204B92A00004B05 /* Frameworks */ = {
			isa = PBXFrameworksBuildPhase;
			buildActionMask = 2147483647;
			files = (
				0B02E7231F01A690EA81F0B7 /* Pods_MD2.framework in Frameworks */,
			);
			runOnlyForDeploymentPostprocessing = 0;
		};
/* End PBXFrameworksBuildPhase section */

/* Begin PBXGroup section */
		863AB54413716FA946331AC4 /* Frameworks */ = {
			isa = PBXGroup;
			children = (
				9DE863DABEA1E006D2FEC43E /* Pods_MD2.framework */,
			);
			name = Frameworks;
			sourceTree = "<group>";
		};
		F7E5FE472DB8C86F2856ABFF /* Pods */ = {
			isa = PBXGroup;
			children = (
				874572959F6EE2B1AD63552C /* Pods-MD2.debug.xcconfig */,
				D21D7F7FADD8A444668B2DCE /* Pods-MD2.release.xcconfig */,
			);
			name = Pods;
			sourceTree = "<group>";
		};
		FD279E882208EBE400AFC8B8 /* Storyboard */ = {
			isa = PBXGroup;
			children = (
				FD65E0982204B92A00004B05 /* Main.storyboard */,
				FD65E09D2204B92B00004B05 /* LaunchScreen.storyboard */,
			);
			path = Storyboard;
			sourceTree = "<group>";
		};
		FD65E0882204B92A00004B05 = {
			isa = PBXGroup;
			children = (
				FD65E0932204B92A00004B05 /* MD2 */,
				FD65E0922204B92A00004B05 /* Products */,
				F7E5FE472DB8C86F2856ABFF /* Pods */,
				863AB54413716FA946331AC4 /* Frameworks */,
			);
			sourceTree = "<group>";
		};
		FD65E0922204B92A00004B05 /* Products */ = {
			isa = PBXGroup;
			children = (
				FD65E0912204B92A00004B05 /* MD2.app */,
			);
			name = Products;
			sourceTree = "<group>";
		};
		FD65E0932204B92A00004B05 /* MD2 */ = {
			isa = PBXGroup;
			children = (
				FD65E0B52204D76D00004B05 /* HomeViewController.swift */,
				FD65E0942204B92A00004B05 /* AppDelegate.swift */,
				FDC4699D221BE59400847D3A /* QRCode.swift */,
				FDBC22152211D05A00733A5F /* Coordinators */,
				FD65E0B42204D74F00004B05 /* View Controllers */,
				FD65E0A62204BCA100004B05 /* View */,
				FD65E0A92204C62600004B05 /* Model */,
				FD65E09B2204B92B00004B05 /* Assets.xcassets */,
				FD68C2A422255D6F009BBB73 /* GoogleService-Info.plist */,
				FD65E0A02204B92B00004B05 /* Info.plist */,
			);
			path = MD2;
			sourceTree = "<group>";
		};
		FD65E0A62204BCA100004B05 /* View */ = {
			isa = PBXGroup;
			children = (
				FD279E882208EBE400AFC8B8 /* Storyboard */,
				FD279E8422089D7E00AFC8B8 /* ItemCollectionViewCell.swift */,
				FD65E0A72204BCD500004B05 /* RoundedButton.swift */,
				FDCE0B56220B889500FA30E7 /* OutlineView.swift */,
				FDDDCAF92218746B0008BAFE /* PreviousOrderTableViewCell.swift */,
			);
			path = View;
			sourceTree = "<group>";
		};
		FD65E0A92204C62600004B05 /* Model */ = {
			isa = PBXGroup;
			children = (
				FD6E3F5A221AFE28003C1A60 /* JSON Files */,
				FDF9A0302208357600BF933F /* DataManager.swift */,
				FDF9A02E2208356000BF933F /* DataStore.swift */,
				FDF9A02B2208351D00BF933F /* CV DataSources */,
				FDF9A02A220834F100BF933F /* User Management */,
				FDF9A029220834E700BF933F /* Orders */,
				FDF9A028220834D500BF933F /* Food Stuffs */,
			);
			path = Model;
			sourceTree = "<group>";
		};
		FD65E0B42204D74F00004B05 /* View Controllers */ = {
			isa = PBXGroup;
			children = (
				FDCE0B58220B8AD100FA30E7 /* VCExtension.swift */,
				FD41094C2205945400262738 /* NewOrderViewController.swift */,
				FD370D3D220B155A00780DDC /* CheckoutViewController.swift */,
				FDBC221D2211D4BF00733A5F /* CollectOrderViewController.swift */,
				FD33A26E2216D78300C5F4B0 /* PreviousOrdersViewController.swift */,
				FD0C754A2231660A00B22C5B /* LoginViewController.swift */,
			);
			path = "View Controllers";
			sourceTree = "<group>";
		};
		FD6E3F5A221AFE28003C1A60 /* JSON Files */ = {
			isa = PBXGroup;
			children = (
				FD6E3F5C221AFE9E003C1A60 /* Orders.json */,
				FDF9A02C2208355200BF933F /* Items.json */,
			);
			path = "JSON Files";
			sourceTree = "<group>";
		};
		FDBC22152211D05A00733A5F /* Coordinators */ = {
			isa = PBXGroup;
			children = (
				FDBC22162211D06400733A5F /* Protocols */,
				FDBC221B2211D19E00733A5F /* MainCoordinator.swift */,
			);
			path = Coordinators;
			sourceTree = "<group>";
		};
		FDBC22162211D06400733A5F /* Protocols */ = {
			isa = PBXGroup;
			children = (
				FDBC22172211D07100733A5F /* Coordinator.swift */,
				FDBC22192211D0AC00733A5F /* Storyboarded.swift */,
			);
			path = Protocols;
			sourceTree = "<group>";
		};
		FDF9A028220834D500BF933F /* Food Stuffs */ = {
			isa = PBXGroup;
			children = (
				FD65E0AE2204C77000004B05 /* FoodItem.swift */,
				FDF9A026220834C900BF933F /* FoodCatagories.swift */,
			);
			path = "Food Stuffs";
			sourceTree = "<group>";
		};
		FDF9A029220834E700BF933F /* Orders */ = {
			isa = PBXGroup;
			children = (
				FD65E0AA2204C64C00004B05 /* OrderManager.swift */,
				FD65E0AC2204C65900004B05 /* Order.swift */,
			);
			path = Orders;
			sourceTree = "<group>";
		};
		FDF9A02A220834F100BF933F /* User Management */ = {
			isa = PBXGroup;
			children = (
				FD65E0B02204C92300004B05 /* User.swift */,
				FD65E0B22204D3C300004B05 /* UserManager.swift */,
			);
			path = "User Management";
			sourceTree = "<group>";
		};
		FDF9A02B2208351D00BF933F /* CV DataSources */ = {
			isa = PBXGroup;
			children = (
				FD36D1C42207A3D200848B2B /* ItemPageCollectionViewDataSource.swift */,
				FDF9A02422082E7500BF933F /* ItemSelectionCollectionViewDataSource.swift */,
			);
			path = "CV DataSources";
			sourceTree = "<group>";
		};
/* End PBXGroup section */

/* Begin PBXNativeTarget section */
		FD65E0902204B92A00004B05 /* MD2 */ = {
			isa = PBXNativeTarget;
			buildConfigurationList = FD65E0A32204B92B00004B05 /* Build configuration list for PBXNativeTarget "MD2" */;
			buildPhases = (
				001CF714A1D9E303975DF38B /* [CP] Check Pods Manifest.lock */,
				FD65E08D2204B92A00004B05 /* Sources */,
				FD65E08E2204B92A00004B05 /* Frameworks */,
				FD65E08F2204B92A00004B05 /* Resources */,
				178224EC32942D37F84C55FF /* [CP] Embed Pods Frameworks */,
			);
			buildRules = (
			);
			dependencies = (
			);
			name = MD2;
			productName = MD2;
			productReference = FD65E0912204B92A00004B05 /* MD2.app */;
			productType = "com.apple.product-type.application";
		};
/* End PBXNativeTarget section */

/* Begin PBXProject section */
		FD65E0892204B92A00004B05 /* Project object */ = {
			isa = PBXProject;
			attributes = {
				LastSwiftUpdateCheck = 1010;
				LastUpgradeCheck = 1010;
				ORGANIZATIONNAME = "Will Taylor";
				TargetAttributes = {
					FD65E0902204B92A00004B05 = {
						CreatedOnToolsVersion = 10.1;
					};
				};
			};
			buildConfigurationList = FD65E08C2204B92A00004B05 /* Build configuration list for PBXProject "MD2" */;
			compatibilityVersion = "Xcode 9.3";
			developmentRegion = en;
			hasScannedForEncodings = 0;
			knownRegions = (
				en,
				Base,
			);
			mainGroup = FD65E0882204B92A00004B05;
			productRefGroup = FD65E0922204B92A00004B05 /* Products */;
			projectDirPath = "";
			projectRoot = "";
			targets = (
				FD65E0902204B92A00004B05 /* MD2 */,
			);
		};
/* End PBXProject section */

/* Begin PBXResourcesBuildPhase section */
		FD65E08F2204B92A00004B05 /* Resources */ = {
			isa = PBXResourcesBuildPhase;
			buildActionMask = 2147483647;
			files = (
				FD6E3F5E221AFE9E003C1A60 /* Orders.json in Resources */,
				FDF9A02D2208355200BF933F /* Items.json in Resources */,
				FD65E09F2204B92B00004B05 /* LaunchScreen.storyboard in Resources */,
				FD65E09C2204B92B00004B05 /* Assets.xcassets in Resources */,
				FD65E09A2204B92A00004B05 /* Main.storyboard in Resources */,
				FD68C2A522255D70009BBB73 /* GoogleService-Info.plist in Resources */,
			);
			runOnlyForDeploymentPostprocessing = 0;
		};
/* End PBXResourcesBuildPhase section */

/* Begin PBXShellScriptBuildPhase section */
		001CF714A1D9E303975DF38B /* [CP] Check Pods Manifest.lock */ = {
			isa = PBXShellScriptBuildPhase;
			buildActionMask = 2147483647;
			files = (
			);
			inputPaths = (
				"${PODS_PODFILE_DIR_PATH}/Podfile.lock",
				"${PODS_ROOT}/Manifest.lock",
			);
			name = "[CP] Check Pods Manifest.lock";
			outputPaths = (
				"$(DERIVED_FILE_DIR)/Pods-MD2-checkManifestLockResult.txt",
			);
			runOnlyForDeploymentPostprocessing = 0;
			shellPath = /bin/sh;
			shellScript = "diff \"${PODS_PODFILE_DIR_PATH}/Podfile.lock\" \"${PODS_ROOT}/Manifest.lock\" > /dev/null\nif [ $? != 0 ] ; then\n    # print error to STDERR\n    echo \"error: The sandbox is not in sync with the Podfile.lock. Run 'pod install' or update your CocoaPods installation.\" >&2\n    exit 1\nfi\n# This output is used by Xcode 'outputs' to avoid re-running this script phase.\necho \"SUCCESS\" > \"${SCRIPT_OUTPUT_FILE_0}\"\n";
			showEnvVarsInLog = 0;
		};
		178224EC32942D37F84C55FF /* [CP] Embed Pods Frameworks */ = {
			isa = PBXShellScriptBuildPhase;
			buildActionMask = 2147483647;
			files = (
			);
			inputPaths = (
				"${SRCROOT}/Pods/Target Support Files/Pods-MD2/Pods-MD2-frameworks.sh",
				"${BUILT_PRODUCTS_DIR}/BoringSSL/openssl.framework",
				"${BUILT_PRODUCTS_DIR}/GTMSessionFetcher/GTMSessionFetcher.framework",
				"${BUILT_PRODUCTS_DIR}/GoogleUtilities/GoogleUtilities.framework",
				"${BUILT_PRODUCTS_DIR}/Protobuf/Protobuf.framework",
				"${BUILT_PRODUCTS_DIR}/gRPC/GRPCClient.framework",
				"${BUILT_PRODUCTS_DIR}/gRPC-C++/grpcpp.framework",
				"${BUILT_PRODUCTS_DIR}/gRPC-Core/grpc.framework",
				"${BUILT_PRODUCTS_DIR}/gRPC-ProtoRPC/ProtoRPC.framework",
				"${BUILT_PRODUCTS_DIR}/gRPC-RxLibrary/RxLibrary.framework",
				"${BUILT_PRODUCTS_DIR}/leveldb-library/leveldb.framework",
				"${BUILT_PRODUCTS_DIR}/nanopb/nanopb.framework",
			);
			name = "[CP] Embed Pods Frameworks";
			outputPaths = (
				"${TARGET_BUILD_DIR}/${FRAMEWORKS_FOLDER_PATH}/openssl.framework",
				"${TARGET_BUILD_DIR}/${FRAMEWORKS_FOLDER_PATH}/GTMSessionFetcher.framework",
				"${TARGET_BUILD_DIR}/${FRAMEWORKS_FOLDER_PATH}/GoogleUtilities.framework",
				"${TARGET_BUILD_DIR}/${FRAMEWORKS_FOLDER_PATH}/Protobuf.framework",
				"${TARGET_BUILD_DIR}/${FRAMEWORKS_FOLDER_PATH}/GRPCClient.framework",
				"${TARGET_BUILD_DIR}/${FRAMEWORKS_FOLDER_PATH}/grpcpp.framework",
				"${TARGET_BUILD_DIR}/${FRAMEWORKS_FOLDER_PATH}/grpc.framework",
				"${TARGET_BUILD_DIR}/${FRAMEWORKS_FOLDER_PATH}/ProtoRPC.framework",
				"${TARGET_BUILD_DIR}/${FRAMEWORKS_FOLDER_PATH}/RxLibrary.framework",
				"${TARGET_BUILD_DIR}/${FRAMEWORKS_FOLDER_PATH}/leveldb.framework",
				"${TARGET_BUILD_DIR}/${FRAMEWORKS_FOLDER_PATH}/nanopb.framework",
			);
			runOnlyForDeploymentPostprocessing = 0;
			shellPath = /bin/sh;
			shellScript = "\"${SRCROOT}/Pods/Target Support Files/Pods-MD2/Pods-MD2-frameworks.sh\"\n";
			showEnvVarsInLog = 0;
		};
/* End PBXShellScriptBuildPhase section */

/* Begin PBXSourcesBuildPhase section */
		FD65E08D2204B92A00004B05 /* Sources */ = {
			isa = PBXSourcesBuildPhase;
			buildActionMask = 2147483647;
			files = (
				FD279E8622089D7E00AFC8B8 /* ItemCollectionViewCell.swift in Sources */,
				FD33A26F2216D78300C5F4B0 /* PreviousOrdersViewController.swift in Sources */,
				FDBC221C2211D19E00733A5F /* MainCoordinator.swift in Sources */,
				FDBC221E2211D4BF00733A5F /* CollectOrderViewController.swift in Sources */,
				FDF9A02F2208356000BF933F /* DataStore.swift in Sources */,
				FD65E0AB2204C64C00004B05 /* OrderManager.swift in Sources */,
				FDF9A027220834C900BF933F /* FoodCatagories.swift in Sources */,
				FDF9A0312208357600BF933F /* DataManager.swift in Sources */,
				FD65E0AD2204C65900004B05 /* Order.swift in Sources */,
				FDBC22182211D07100733A5F /* Coordinator.swift in Sources */,
				FDBC221A2211D0AC00733A5F /* Storyboarded.swift in Sources */,
				FDCE0B57220B889500FA30E7 /* OutlineView.swift in Sources */,
				FD65E0A82204BCD500004B05 /* RoundedButton.swift in Sources */,
				FD65E0B62204D76D00004B05 /* HomeViewController.swift in Sources */,
				FD65E0AF2204C77000004B05 /* FoodItem.swift in Sources */,
				FDCE0B59220B8AD100FA30E7 /* VCExtension.swift in Sources */,
				FDF9A02522082E7500BF933F /* ItemSelectionCollectionViewDataSource.swift in Sources */,
				FD65E0952204B92A00004B05 /* AppDelegate.swift in Sources */,
				FD36D1C52207A3D200848B2B /* ItemPageCollectionViewDataSource.swift in Sources */,
				FDC4699E221BE59400847D3A /* QRCode.swift in Sources */,
				FD370D3E220B155A00780DDC /* CheckoutViewController.swift in Sources */,
				FD65E0B32204D3C300004B05 /* UserManager.swift in Sources */,
				FD65E0B12204C92300004B05 /* User.swift in Sources */,
				FDDDCAFA2218746B0008BAFE /* PreviousOrderTableViewCell.swift in Sources */,
				FD0C754B2231660A00B22C5B /* LoginViewController.swift in Sources */,
				FD41094D2205945400262738 /* NewOrderViewController.swift in Sources */,
			);
			runOnlyForDeploymentPostprocessing = 0;
		};
/* End PBXSourcesBuildPhase section */

/* Begin PBXVariantGroup section */
		FD65E0982204B92A00004B05 /* Main.storyboard */ = {
			isa = PBXVariantGroup;
			children = (
				FD65E0992204B92A00004B05 /* Base */,
			);
			name = Main.storyboard;
			sourceTree = "<group>";
		};
		FD65E09D2204B92B00004B05 /* LaunchScreen.storyboard */ = {
			isa = PBXVariantGroup;
			children = (
				FD65E09E2204B92B00004B05 /* Base */,
			);
			name = LaunchScreen.storyboard;
			sourceTree = "<group>";
		};
/* End PBXVariantGroup section */

/* Begin XCBuildConfiguration section */
		FD65E0A12204B92B00004B05 /* Debug */ = {
			isa = XCBuildConfiguration;
			buildSettings = {
				ALWAYS_SEARCH_USER_PATHS = NO;
				CLANG_ANALYZER_NONNULL = YES;
				CLANG_ANALYZER_NUMBER_OBJECT_CONVERSION = YES_AGGRESSIVE;
				CLANG_CXX_LANGUAGE_STANDARD = "gnu++14";
				CLANG_CXX_LIBRARY = "libc++";
				CLANG_ENABLE_MODULES = YES;
				CLANG_ENABLE_OBJC_ARC = YES;
				CLANG_ENABLE_OBJC_WEAK = YES;
				CLANG_WARN_BLOCK_CAPTURE_AUTORELEASING = YES;
				CLANG_WARN_BOOL_CONVERSION = YES;
				CLANG_WARN_COMMA = YES;
				CLANG_WARN_CONSTANT_CONVERSION = YES;
				CLANG_WARN_DEPRECATED_OBJC_IMPLEMENTATIONS = YES;
				CLANG_WARN_DIRECT_OBJC_ISA_USAGE = YES_ERROR;
				CLANG_WARN_DOCUMENTATION_COMMENTS = YES;
				CLANG_WARN_EMPTY_BODY = YES;
				CLANG_WARN_ENUM_CONVERSION = YES;
				CLANG_WARN_INFINITE_RECURSION = YES;
				CLANG_WARN_INT_CONVERSION = YES;
				CLANG_WARN_NON_LITERAL_NULL_CONVERSION = YES;
				CLANG_WARN_OBJC_IMPLICIT_RETAIN_SELF = YES;
				CLANG_WARN_OBJC_LITERAL_CONVERSION = YES;
				CLANG_WARN_OBJC_ROOT_CLASS = YES_ERROR;
				CLANG_WARN_RANGE_LOOP_ANALYSIS = YES;
				CLANG_WARN_STRICT_PROTOTYPES = YES;
				CLANG_WARN_SUSPICIOUS_MOVE = YES;
				CLANG_WARN_UNGUARDED_AVAILABILITY = YES_AGGRESSIVE;
				CLANG_WARN_UNREACHABLE_CODE = YES;
				CLANG_WARN__DUPLICATE_METHOD_MATCH = YES;
				CODE_SIGN_IDENTITY = "iPhone Developer";
				COPY_PHASE_STRIP = NO;
				DEBUG_INFORMATION_FORMAT = dwarf;
				ENABLE_STRICT_OBJC_MSGSEND = YES;
				ENABLE_TESTABILITY = YES;
				GCC_C_LANGUAGE_STANDARD = gnu11;
				GCC_DYNAMIC_NO_PIC = NO;
				GCC_NO_COMMON_BLOCKS = YES;
				GCC_OPTIMIZATION_LEVEL = 0;
				GCC_PREPROCESSOR_DEFINITIONS = (
					"DEBUG=1",
					"$(inherited)",
				);
				GCC_WARN_64_TO_32_BIT_CONVERSION = YES;
				GCC_WARN_ABOUT_RETURN_TYPE = YES_ERROR;
				GCC_WARN_UNDECLARED_SELECTOR = YES;
				GCC_WARN_UNINITIALIZED_AUTOS = YES_AGGRESSIVE;
				GCC_WARN_UNUSED_FUNCTION = YES;
				GCC_WARN_UNUSED_VARIABLE = YES;
				IPHONEOS_DEPLOYMENT_TARGET = 12.1;
				MTL_ENABLE_DEBUG_INFO = INCLUDE_SOURCE;
				MTL_FAST_MATH = YES;
				ONLY_ACTIVE_ARCH = YES;
				SDKROOT = iphoneos;
				SWIFT_ACTIVE_COMPILATION_CONDITIONS = DEBUG;
				SWIFT_OPTIMIZATION_LEVEL = "-Onone";
			};
			name = Debug;
		};
		FD65E0A22204B92B00004B05 /* Release */ = {
			isa = XCBuildConfiguration;
			buildSettings = {
				ALWAYS_SEARCH_USER_PATHS = NO;
				CLANG_ANALYZER_NONNULL = YES;
				CLANG_ANALYZER_NUMBER_OBJECT_CONVERSION = YES_AGGRESSIVE;
				CLANG_CXX_LANGUAGE_STANDARD = "gnu++14";
				CLANG_CXX_LIBRARY = "libc++";
				CLANG_ENABLE_MODULES = YES;
				CLANG_ENABLE_OBJC_ARC = YES;
				CLANG_ENABLE_OBJC_WEAK = YES;
				CLANG_WARN_BLOCK_CAPTURE_AUTORELEASING = YES;
				CLANG_WARN_BOOL_CONVERSION = YES;
				CLANG_WARN_COMMA = YES;
				CLANG_WARN_CONSTANT_CONVERSION = YES;
				CLANG_WARN_DEPRECATED_OBJC_IMPLEMENTATIONS = YES;
				CLANG_WARN_DIRECT_OBJC_ISA_USAGE = YES_ERROR;
				CLANG_WARN_DOCUMENTATION_COMMENTS = YES;
				CLANG_WARN_EMPTY_BODY = YES;
				CLANG_WARN_ENUM_CONVERSION = YES;
				CLANG_WARN_INFINITE_RECURSION = YES;
				CLANG_WARN_INT_CONVERSION = YES;
				CLANG_WARN_NON_LITERAL_NULL_CONVERSION = YES;
				CLANG_WARN_OBJC_IMPLICIT_RETAIN_SELF = YES;
				CLANG_WARN_OBJC_LITERAL_CONVERSION = YES;
				CLANG_WARN_OBJC_ROOT_CLASS = YES_ERROR;
				CLANG_WARN_RANGE_LOOP_ANALYSIS = YES;
				CLANG_WARN_STRICT_PROTOTYPES = YES;
				CLANG_WARN_SUSPICIOUS_MOVE = YES;
				CLANG_WARN_UNGUARDED_AVAILABILITY = YES_AGGRESSIVE;
				CLANG_WARN_UNREACHABLE_CODE = YES;
				CLANG_WARN__DUPLICATE_METHOD_MATCH = YES;
				CODE_SIGN_IDENTITY = "iPhone Developer";
				COPY_PHASE_STRIP = NO;
				DEBUG_INFORMATION_FORMAT = "dwarf-with-dsym";
				ENABLE_NS_ASSERTIONS = NO;
				ENABLE_STRICT_OBJC_MSGSEND = YES;
				GCC_C_LANGUAGE_STANDARD = gnu11;
				GCC_NO_COMMON_BLOCKS = YES;
				GCC_WARN_64_TO_32_BIT_CONVERSION = YES;
				GCC_WARN_ABOUT_RETURN_TYPE = YES_ERROR;
				GCC_WARN_UNDECLARED_SELECTOR = YES;
				GCC_WARN_UNINITIALIZED_AUTOS = YES_AGGRESSIVE;
				GCC_WARN_UNUSED_FUNCTION = YES;
				GCC_WARN_UNUSED_VARIABLE = YES;
				IPHONEOS_DEPLOYMENT_TARGET = 12.1;
				MTL_ENABLE_DEBUG_INFO = NO;
				MTL_FAST_MATH = YES;
				SDKROOT = iphoneos;
				SWIFT_COMPILATION_MODE = wholemodule;
				SWIFT_OPTIMIZATION_LEVEL = "-O";
				VALIDATE_PRODUCT = YES;
			};
			name = Release;
		};
		FD65E0A42204B92B00004B05 /* Debug */ = {
			isa = XCBuildConfiguration;
			baseConfigurationReference = 874572959F6EE2B1AD63552C /* Pods-MD2.debug.xcconfig */;
			buildSettings = {
				ASSETCATALOG_COMPILER_APPICON_NAME = AppIcon;
				CODE_SIGN_STYLE = Automatic;
				DEVELOPMENT_TEAM = C4KMRR4U5J;
				INFOPLIST_FILE = MD2/Info.plist;
				LD_RUNPATH_SEARCH_PATHS = (
					"$(inherited)",
					"@executable_path/Frameworks",
				);
				PRODUCT_BUNDLE_IDENTIFIER = com.willtaylor.MealDealed;
				PRODUCT_NAME = "$(TARGET_NAME)";
				SWIFT_VERSION = 4.2;
				TARGETED_DEVICE_FAMILY = 1;
			};
			name = Debug;
		};
		FD65E0A52204B92B00004B05 /* Release */ = {
			isa = XCBuildConfiguration;
			baseConfigurationReference = D21D7F7FADD8A444668B2DCE /* Pods-MD2.release.xcconfig */;
			buildSettings = {
				ASSETCATALOG_COMPILER_APPICON_NAME = AppIcon;
				CODE_SIGN_STYLE = Automatic;
				DEVELOPMENT_TEAM = C4KMRR4U5J;
				INFOPLIST_FILE = MD2/Info.plist;
				LD_RUNPATH_SEARCH_PATHS = (
					"$(inherited)",
					"@executable_path/Frameworks",
				);
				PRODUCT_BUNDLE_IDENTIFIER = com.willtaylor.MealDealed;
				PRODUCT_NAME = "$(TARGET_NAME)";
				SWIFT_VERSION = 4.2;
				TARGETED_DEVICE_FAMILY = 1;
			};
			name = Release;
		};
/* End XCBuildConfiguration section */

/* Begin XCConfigurationList section */
		FD65E08C2204B92A00004B05 /* Build configuration list for PBXProject "MD2" */ = {
			isa = XCConfigurationList;
			buildConfigurations = (
				FD65E0A12204B92B00004B05 /* Debug */,
				FD65E0A22204B92B00004B05 /* Release */,
			);
			defaultConfigurationIsVisible = 0;
			defaultConfigurationName = Release;
		};
		FD65E0A32204B92B00004B05 /* Build configuration list for PBXNativeTarget "MD2" */ = {
			isa = XCConfigurationList;
			buildConfigurations = (
				FD65E0A42204B92B00004B05 /* Debug */,
				FD65E0A52204B92B00004B05 /* Release */,
			);
			defaultConfigurationIsVisible = 0;
			defaultConfigurationName = Release;
		};
/* End XCConfigurationList section */
	};
	rootObject = FD65E0892204B92A00004B05 /* Project object */;
}
